<?xml version="1.0" encoding="utf-8"?>
<Project ToolsVersion="4.0" xmlns="http://schemas.microsoft.com/developer/msbuild/2003">
  <ItemGroup>
    <Filter Include="Source Files">
      <UniqueIdentifier>{4FC737F1-C7A5-4376-A066-2A32D752A2FF}</UniqueIdentifier>
      <Extensions>cpp;c;cc;cxx;def;odl;idl;hpj;bat;asm;asmx</Extensions>
    </Filter>
    <Filter Include="Header Files">
      <UniqueIdentifier>{93995380-89BD-4b04-88EB-625FBE52EBFB}</UniqueIdentifier>
      <Extensions>h;hh;hpp;hxx;hm;inl;inc;xsd</Extensions>
    </Filter>
    <Filter Include="Source Files\Hooked">
      <UniqueIdentifier>{5257ebac-b0df-4d11-9153-476b0f6bb0f3}</UniqueIdentifier>
    </Filter>
    <Filter Include="Source Files\Utilities">
      <UniqueIdentifier>{a68630a2-8f3e-46fb-9674-79520c674b6e}</UniqueIdentifier>
    </Filter>
    <Filter Include="Source Files\Engine">
      <UniqueIdentifier>{24af15b9-4c47-4e91-888f-46259b68deca}</UniqueIdentifier>
    </Filter>
    <Filter Include="Source Files\Variables">
      <UniqueIdentifier>{dafa8325-780d-4b7f-8c30-baf4904266eb}</UniqueIdentifier>
    </Filter>
    <Filter Include="Header Files\Features">
      <UniqueIdentifier>{13236d2f-394c-4188-ba25-4afac0a1d0bb}</UniqueIdentifier>
    </Filter>
    <Filter Include="Header Files\Resource Files">
      <UniqueIdentifier>{67DA6AB6-F800-4c08-8B7A-83BB121AAD01}</UniqueIdentifier>
      <Extensions>rc;ico;cur;bmp;dlg;rc2;rct;bin;rgs;gif;jpg;jpeg;jpe;resx;tiff;tif;png;wav;mfcribbon-ms</Extensions>
    </Filter>
    <Filter Include="Header Files\Features\GUI">
      <UniqueIdentifier>{42dfa80f-a0ff-4c8a-9de9-f2aae5fe59cc}</UniqueIdentifier>
    </Filter>
    <Filter Include="Header Files\Features\GUI\Elements">
      <UniqueIdentifier>{9654ac93-65e7-4f16-b635-718c109edf18}</UniqueIdentifier>
    </Filter>
    <Filter Include="Source Files\Hooked\GUI Features">
      <UniqueIdentifier>{4a228298-81fb-4a37-9945-389c1e63579b}</UniqueIdentifier>
    </Filter>
  </ItemGroup>
  <ItemGroup>
    <ClCompile Include="Win200.cpp">
      <Filter>Source Files</Filter>
    </ClCompile>
    <ClCompile Include="Toolbox.cpp">
      <Filter>Source Files\Utilities</Filter>
    </ClCompile>
    <ClCompile Include="Drawing.cpp">
      <Filter>Source Files\Engine</Filter>
    </ClCompile>
    <ClCompile Include="Keyp.cpp">
      <Filter>Source Files\Hooked</Filter>
    </ClCompile>
    <ClCompile Include="Cvars.cpp">
      <Filter>Source Files\Variables</Filter>
    </ClCompile>
    <ClCompile Include="ESP.cpp">
      <Filter>Source Files\Hooked</Filter>
    </ClCompile>
    <ClCompile Include="Aimbot.cpp">
      <Filter>Source Files\Hooked</Filter>
    </ClCompile>
    <ClCompile Include="Math.cpp">
      <Filter>Source Files\Engine</Filter>
    </ClCompile>
    <ClCompile Include="checksum_crc.cpp">
      <Filter>Header Files</Filter>
    </ClCompile>
    <ClCompile Include="Misc.cpp">
      <Filter>Source Files\Hooked</Filter>
    </ClCompile>
    <ClCompile Include="Netvar.cpp">
      <Filter>Source Files\Utilities</Filter>
    </ClCompile>
  </ItemGroup>
  <ItemGroup>
    <ClInclude Include="Cvars.h">
      <Filter>Source Files\Variables</Filter>
    </ClInclude>
    <ClInclude Include="xor.h">
      <Filter>Header Files</Filter>
    </ClInclude>
    <ClInclude Include="ToDoList.h">
      <Filter>Source Files</Filter>
    </ClInclude>
    <ClInclude Include="resource.h">
      <Filter>Header Files</Filter>
    </ClInclude>
    <ClInclude Include="resource1.h">
      <Filter>Header Files</Filter>
    </ClInclude>
    <ClInclude Include="delta.h">
      <Filter>Header Files\Features\GUI</Filter>
    </ClInclude>
    <ClInclude Include="delta_input.h">
      <Filter>Header Files\Features\GUI</Filter>
    </ClInclude>
    <ClInclude Include="Menu.h">
      <Filter>Source Files\Hooked\GUI Features</Filter>
    </ClInclude>
    <ClInclude Include="BaseObject.h">
      <Filter>Header Files\Features\GUI\Elements</Filter>
    </ClInclude>
    <ClInclude Include="CheckBox.h">
      <Filter>Header Files\Features\GUI\Elements</Filter>
    </ClInclude>
    <ClInclude Include="Slider.h">
      <Filter>Header Files\Features\GUI\Elements</Filter>
    </ClInclude>
    <ClInclude Include="OverlayPanel.h">
      <Filter>Header Files\Features\GUI\Elements</Filter>
    </ClInclude>
    <ClInclude Include="Panel.h">
      <Filter>Header Files\Features\GUI\Elements</Filter>
    </ClInclude>
    <ClInclude Include="TabButton.h">
      <Filter>Header Files\Features\GUI\Elements</Filter>
    </ClInclude>
    <ClInclude Include="Button.h">
      <Filter>Header Files\Features\GUI\Elements</Filter>
    </ClInclude>
    <ClInclude Include="Snake.h">
      <Filter>Source Files\Hooked\GUI Features</Filter>
    </ClInclude>
    <ClInclude Include="Radar.h">
      <Filter>Source Files\Hooked\GUI Features</Filter>
    </ClInclude>
    <ClInclude Include="Infobox.h">
      <Filter>Source Files\Hooked\GUI Features</Filter>
    </ClInclude>
    <ClInclude Include="Clock.h">
      <Filter>Source Files\Hooked\GUI Features</Filter>
    </ClInclude>
    <ClInclude Include="Stats.h">
      <Filter>Source Files\Hooked\GUI Features</Filter>
    </ClInclude>
    <ClInclude Include="checksum_crc.h">
      <Filter>Header Files</Filter>
    </ClInclude>
    <ClInclude Include="Drawing.h">
      <Filter>Header Files\Features</Filter>
    </ClInclude>
    <ClInclude Include="Math.h">
      <Filter>Header Files\Features</Filter>
    </ClInclude>
    <ClInclude Include="Aimbot.h">
      <Filter>Header Files\Features</Filter>
    </ClInclude>
    <ClInclude Include="ESP.h">
      <Filter>Header Files\Features</Filter>
    </ClInclude>
    <ClInclude Include="Keyp.h">
      <Filter>Header Files\Features</Filter>
    </ClInclude>
    <ClInclude Include="Misc.h">
      <Filter>Header Files\Features</Filter>
    </ClInclude>
    <ClInclude Include="Netvar.h">
      <Filter>Header Files\Features</Filter>
    </ClInclude>
    <ClInclude Include="Toolbox.h">
      <Filter>Header Files\Features</Filter>
    </ClInclude>
    <ClInclude Include="sdk.h">
      <Filter>Header Files</Filter>
    </ClInclude>
  </ItemGroup>
  <ItemGroup>
    <ResourceCompile Include="Resource.rc">
      <Filter>Header Files\Resource Files</Filter>
    </ResourceCompile>
    <ResourceCompile Include="Resource1.rc">
      <Filter>Header Files\Resource Files</Filter>
    </ResourceCompile>
  </ItemGroup>
</Project>